
Microsoft Visual Studio Solution File, Format Version 12.00
# Visual Studio 15
VisualStudioVersion = 15.0.28307.168
MinimumVisualStudioVersion = 10.0.40219.1
Project("{9A19103F-16F7-4668-BE54-9A1E7A4F7556}") = "DAtingApp.API", "DAtingApp.API.csproj", "{3FEB14D7-5E4C-4789-BA19-C036BA76BCBB}"
EndProject
Global
	GlobalSection(SolutionConfigurationPlatforms) = preSolution
		Debug|Any CPU = Debug|Any CPU
		Release|Any CPU = Release|Any CPU
	EndGlobalSection
	GlobalSection(ProjectConfigurationPlatforms) = postSolution
		{3FEB14D7-5E4C-4789-BA19-C036BA76BCBB}.Debug|Any CPU.ActiveCfg = Debug|Any CPU
		{3FEB14D7-5E4C-4789-BA19-C036BA76BCBB}.Debug|Any CPU.Build.0 = Debug|Any CPU
		{3FEB14D7-5E4C-4789-BA19-C036BA76BCBB}.Release|Any CPU.ActiveCfg = Release|Any CPU
		{3FEB14D7-5E4C-4789-BA19-C036BA76BCBB}.Release|Any CPU.Build.0 = Release|Any CPU
	EndGlobalSection
	GlobalSection(SolutionProperties) = preSolution
		HideSolutionNode = FALSE
	EndGlobalSection
	GlobalSection(ExtensibilityGlobals) = postSolution
		SolutionGuid = {F1CBC11D-359F-4F1F-AFCA-2FE0734648BF}
	EndGlobalSection
EndGlobal
